
Microsoft Visual Studio Solution File, Format Version 12.00
# Visual Studio Version 17
VisualStudioVersion = 17.6.33829.357
MinimumVisualStudioVersion = 10.0.40219.1
Project("{FAE04EC0-301F-11D3-BF4B-00C04F79EFBC}") = "Api", "Api\Api.csproj", "{443B0D54-D685-4E6F-A69B-759BA3E958D2}"
EndProject
Global
	GlobalSection(SolutionConfigurationPlatforms) = preSolution
		Debug|Any CPU = Debug|Any CPU
		Release|Any CPU = Release|Any CPU
	EndGlobalSection
	GlobalSection(ProjectConfigurationPlatforms) = postSolution
		{443B0D54-D685-4E6F-A69B-759BA3E958D2}.Debug|Any CPU.ActiveCfg = Debug|Any CPU
		{443B0D54-D685-4E6F-A69B-759BA3E958D2}.Debug|Any CPU.Build.0 = Debug|Any CPU
		{443B0D54-D685-4E6F-A69B-759BA3E958D2}.Release|Any CPU.ActiveCfg = Release|Any CPU
		{443B0D54-D685-4E6F-A69B-759BA3E958D2}.Release|Any CPU.Build.0 = Release|Any CPU
	EndGlobalSection
	GlobalSection(SolutionProperties) = preSolution
		HideSolutionNode = FALSE
	EndGlobalSection
	GlobalSection(ExtensibilityGlobals) = postSolution
		SolutionGuid = {5157EE29-0356-4659-B3C7-6E27BB6EE06D}
	EndGlobalSection
EndGlobal
